// !$*UTF8*$!
{
	archiveVersion = 1;
	classes = {
	};
	objectVersion = 50;
	objects = {

/* Begin PBXBuildFile section */
		AFB2592620E0C093000BE5B5 /* AppDelegate.swift in Sources */ = {isa = PBXBuildFile; fileRef = AFB2592520E0C093000BE5B5 /* AppDelegate.swift */; };
		AFB2592820E0C093000BE5B5 /* MainVC.swift in Sources */ = {isa = PBXBuildFile; fileRef = AFB2592720E0C093000BE5B5 /* MainVC.swift */; };
		AFB2592B20E0C093000BE5B5 /* Main.storyboard in Resources */ = {isa = PBXBuildFile; fileRef = AFB2592920E0C093000BE5B5 /* Main.storyboard */; };
		AFB2592D20E0C096000BE5B5 /* Assets.xcassets in Resources */ = {isa = PBXBuildFile; fileRef = AFB2592C20E0C096000BE5B5 /* Assets.xcassets */; };
		AFB2593020E0C096000BE5B5 /* LaunchScreen.storyboard in Resources */ = {isa = PBXBuildFile; fileRef = AFB2592E20E0C096000BE5B5 /* LaunchScreen.storyboard */; };
		AFB2593820E0CE0D000BE5B5 /* MessagesVC.swift in Sources */ = {isa = PBXBuildFile; fileRef = AFB2593720E0CE0D000BE5B5 /* MessagesVC.swift */; };
/* End PBXBuildFile section */

/* Begin PBXFileReference section */
		AFB2592220E0C093000BE5B5 /* UserPanel.app */ = {isa = PBXFileReference; explicitFileType = wrapper.application; includeInIndex = 0; path = UserPanel.app; sourceTree = BUILT_PRODUCTS_DIR; };
		AFB2592520E0C093000BE5B5 /* AppDelegate.swift */ = {isa = PBXFileReference; lastKnownFileType = sourcecode.swift; path = AppDelegate.swift; sourceTree = "<group>"; };
		AFB2592720E0C093000BE5B5 /* MainVC.swift */ = {isa = PBXFileReference; lastKnownFileType = sourcecode.swift; path = MainVC.swift; sourceTree = "<group>"; };
		AFB2592A20E0C093000BE5B5 /* Base */ = {isa = PBXFileReference; lastKnownFileType = file.storyboard; name = Base; path = Base.lproj/Main.storyboard; sourceTree = "<group>"; };
		AFB2592C20E0C096000BE5B5 /* Assets.xcassets */ = {isa = PBXFileReference; lastKnownFileType = folder.assetcatalog; path = Assets.xcassets; sourceTree = "<group>"; };
		AFB2592F20E0C096000BE5B5 /* Base */ = {isa = PBXFileReference; lastKnownFileType = file.storyboard; name = Base; path = Base.lproj/LaunchScreen.storyboard; sourceTree = "<group>"; };
		AFB2593120E0C096000BE5B5 /* Info.plist */ = {isa = PBXFileReference; lastKnownFileType = text.plist.xml; path = Info.plist; sourceTree = "<group>"; };
		AFB2593720E0CE0D000BE5B5 /* MessagesVC.swift */ = {isa = PBXFileReference; lastKnownFileType = sourcecode.swift; path = MessagesVC.swift; sourceTree = "<group>"; };
/* End PBXFileReference section */

/* Begin PBXFrameworksBuildPhase section */
		AFB2591F20E0C093000BE5B5 /* Frameworks */ = {
			isa = PBXFrameworksBuildPhase;
			buildActionMask = 2147483647;
			files = (
			);
			runOnlyForDeploymentPostprocessing = 0;
		};
/* End PBXFrameworksBuildPhase section */

/* Begin PBXGroup section */
		AFB2591920E0C093000BE5B5 = {
			isa = PBXGroup;
			children = (
				AFB2592420E0C093000BE5B5 /* UserPanel */,
				AFB2592320E0C093000BE5B5 /* Products */,
			);
			sourceTree = "<group>";
		};
		AFB2592320E0C093000BE5B5 /* Products */ = {
			isa = PBXGroup;
			children = (
				AFB2592220E0C093000BE5B5 /* UserPanel.app */,
			);
			name = Products;
			sourceTree = "<group>";
		};
		AFB2592420E0C093000BE5B5 /* UserPanel */ = {
			isa = PBXGroup;
			children = (
				AFB2592520E0C093000BE5B5 /* AppDelegate.swift */,
				AFB2592920E0C093000BE5B5 /* Main.storyboard */,
				AFB2592C20E0C096000BE5B5 /* Assets.xcassets */,
				AFB2592E20E0C096000BE5B5 /* LaunchScreen.storyboard */,
				AFB2593120E0C096000BE5B5 /* Info.plist */,
				AFB2592720E0C093000BE5B5 /* MainVC.swift */,
				AFB2593720E0CE0D000BE5B5 /* MessagesVC.swift */,
			);
			path = UserPanel;
			sourceTree = "<group>";
		};
/* End PBXGroup section */

/* Begin PBXNativeTarget section */
		AFB2592120E0C093000BE5B5 /* UserPanel */ = {
			isa = PBXNativeTarget;
			buildConfigurationList = AFB2593420E0C096000BE5B5 /* Build configuration list for PBXNativeTarget "UserPanel" */;
			buildPhases = (
				AFB2591E20E0C093000BE5B5 /* Sources */,
				AFB2591F20E0C093000BE5B5 /* Frameworks */,
				AFB2592020E0C093000BE5B5 /* Resources */,
			);
			buildRules = (
			);
			dependencies = (
			);
			name = UserPanel;
			productName = UserPanel;
			productReference = AFB2592220E0C093000BE5B5 /* UserPanel.app */;
			productType = "com.apple.product-type.application";
		};
/* End PBXNativeTarget section */

/* Begin PBXProject section */
		AFB2591A20E0C093000BE5B5 /* Project object */ = {
			isa = PBXProject;
			attributes = {
				LastSwiftUpdateCheck = 0940;
				LastUpgradeCheck = 0940;
				ORGANIZATIONNAME = "sedeek Reda";
				TargetAttributes = {
					AFB2592120E0C093000BE5B5 = {
						CreatedOnToolsVersion = 9.4.1;
					};
				};
			};
			buildConfigurationList = AFB2591D20E0C093000BE5B5 /* Build configuration list for PBXProject "UserPanel" */;
			compatibilityVersion = "Xcode 9.3";
			developmentRegion = en;
			hasScannedForEncodings = 0;
			knownRegions = (
				en,
				Base,
			);
			mainGroup = AFB2591920E0C093000BE5B5;
			productRefGroup = AFB2592320E0C093000BE5B5 /* Products */;
			projectDirPath = "";
			projectRoot = "";
			targets = (
				AFB2592120E0C093000BE5B5 /* UserPanel */,
			);
		};
/* End PBXProject section */

/* Begin PBXResourcesBuildPhase section */
		AFB2592020E0C093000BE5B5 /* Resources */ = {
			isa = PBXResourcesBuildPhase;
			buildActionMask = 2147483647;
			files = (
				AFB2593020E0C096000BE5B5 /* LaunchScreen.storyboard in Resources */,
				AFB2592D20E0C096000BE5B5 /* Assets.xcassets in Resources */,
				AFB2592B20E0C093000BE5B5 /* Main.storyboard in Resources */,
			);
			runOnlyForDeploymentPostprocessing = 0;
		};
/* End PBXResourcesBuildPhase section */

/* Begin PBXSourcesBuildPhase section */
		AFB2591E20E0C093000BE5B5 /* Sources */ = {
			isa = PBXSourcesBuildPhase;
			buildActionMask = 2147483647;
			files = (
				AFB2592820E0C093000BE5B5 /* MainVC.swift in Sources */,
				AFB2592620E0C093000BE5B5 /* AppDelegate.swift in Sources */,
				AFB2593820E0CE0D000BE5B5 /* MessagesVC.swift in Sources */,
			);
			runOnlyForDeploymentPostprocessing = 0;
		};
/* End PBXSourcesBuildPhase section */

/* Begin PBXVariantGroup section */
		AFB2592920E0C093000BE5B5 /* Main.storyboard */ = {
			isa = PBXVariantGroup;
			children = (
				AFB2592A20E0C093000BE5B5 /* Base */,
			);
			name = Main.storyboard;
			sourceTree = "<group>";
		};
		AFB2592E20E0C096000BE5B5 /* LaunchScreen.storyboard */ = {
			isa = PBXVariantGroup;
			children = (
				AFB2592F20E0C096000BE5B5 /* Base */,
			);
			name = LaunchScreen.storyboard;
			sourceTree = "<group>";
		};
/* End PBXVariantGroup section */

/* Begin XCBuildConfiguration section */
		AFB2593220E0C096000BE5B5 /* Debug */ = {
			isa = XCBuildConfiguration;
			buildSettings = {
				ALWAYS_SEARCH_USER_PATHS = NO;
				CLANG_ANALYZER_NONNULL = YES;
				CLANG_ANALYZER_NUMBER_OBJECT_CONVERSION = YES_AGGRESSIVE;
				CLANG_CXX_LANGUAGE_STANDARD = "gnu++14";
				CLANG_CXX_LIBRARY = "libc++";
				CLANG_ENABLE_MODULES = YES;
				CLANG_ENABLE_OBJC_ARC = YES;
				CLANG_ENABLE_OBJC_WEAK = YES;
				CLANG_WARN_BLOCK_CAPTURE_AUTORELEASING = YES;
				CLANG_WARN_BOOL_CONVERSION = YES;
				CLANG_WARN_COMMA = YES;
				CLANG_WARN_CONSTANT_CONVERSION = YES;
				CLANG_WARN_DEPRECATED_OBJC_IMPLEMENTATIONS = YES;
				CLANG_WARN_DIRECT_OBJC_ISA_USAGE = YES_ERROR;
				CLANG_WARN_DOCUMENTATION_COMMENTS = YES;
				CLANG_WARN_EMPTY_BODY = YES;
				CLANG_WARN_ENUM_CONVERSION = YES;
				CLANG_WARN_INFINITE_RECURSION = YES;
				CLANG_WARN_INT_CONVERSION = YES;
				CLANG_WARN_NON_LITERAL_NULL_CONVERSION = YES;
				CLANG_WARN_OBJC_IMPLICIT_RETAIN_SELF = YES;
				CLANG_WARN_OBJC_LITERAL_CONVERSION = YES;
				CLANG_WARN_OBJC_ROOT_CLASS = YES_ERROR;
				CLANG_WARN_RANGE_LOOP_ANALYSIS = YES;
				CLANG_WARN_STRICT_PROTOTYPES = YES;
				CLANG_WARN_SUSPICIOUS_MOVE = YES;
				CLANG_WARN_UNGUARDED_AVAILABILITY = YES_AGGRESSIVE;
				CLANG_WARN_UNREACHABLE_CODE = YES;
				CLANG_WARN__DUPLICATE_METHOD_MATCH = YES;
				CODE_SIGN_IDENTITY = "iPhone Developer";
				COPY_PHASE_STRIP = NO;
				DEBUG_INFORMATION_FORMAT = dwarf;
				ENABLE_STRICT_OBJC_MSGSEND = YES;
				ENABLE_TESTABILITY = YES;
				GCC_C_LANGUAGE_STANDARD = gnu11;
				GCC_DYNAMIC_NO_PIC = NO;
				GCC_NO_COMMON_BLOCKS = YES;
				GCC_OPTIMIZATION_LEVEL = 0;
				GCC_PREPROCESSOR_DEFINITIONS = (
					"DEBUG=1",
					"$(inherited)",
				);
				GCC_WARN_64_TO_32_BIT_CONVERSION = YES;
				GCC_WARN_ABOUT_RETURN_TYPE = YES_ERROR;
				GCC_WARN_UNDECLARED_SELECTOR = YES;
				GCC_WARN_UNINITIALIZED_AUTOS = YES_AGGRESSIVE;
				GCC_WARN_UNUSED_FUNCTION = YES;
				GCC_WARN_UNUSED_VARIABLE = YES;
				IPHONEOS_DEPLOYMENT_TARGET = 11.4;
				MTL_ENABLE_DEBUG_INFO = YES;
				ONLY_ACTIVE_ARCH = YES;
				SDKROOT = iphoneos;
				SWIFT_ACTIVE_COMPILATION_CONDITIONS = DEBUG;
				SWIFT_OPTIMIZATION_LEVEL = "-Onone";
			};
			name = Debug;
		};
		AFB2593320E0C096000BE5B5 /* Release */ = {
			isa = XCBuildConfiguration;
			buildSettings = {
				ALWAYS_SEARCH_USER_PATHS = NO;
				CLANG_ANALYZER_NONNULL = YES;
				CLANG_ANALYZER_NUMBER_OBJECT_CONVERSION = YES_AGGRESSIVE;
				CLANG_CXX_LANGUAGE_STANDARD = "gnu++14";
				CLANG_CXX_LIBRARY = "libc++";
				CLANG_ENABLE_MODULES = YES;
				CLANG_ENABLE_OBJC_ARC = YES;
				CLANG_ENABLE_OBJC_WEAK = YES;
				CLANG_WARN_BLOCK_CAPTURE_AUTORELEASING = YES;
				CLANG_WARN_BOOL_CONVERSION = YES;
				CLANG_WARN_COMMA = YES;
				CLANG_WARN_CONSTANT_CONVERSION = YES;
				CLANG_WARN_DEPRECATED_OBJC_IMPLEMENTATIONS = YES;
				CLANG_WARN_DIRECT_OBJC_ISA_USAGE = YES_ERROR;
				CLANG_WARN_DOCUMENTATION_COMMENTS = YES;
				CLANG_WARN_EMPTY_BODY = YES;
				CLANG_WARN_ENUM_CONVERSION = YES;
				CLANG_WARN_INFINITE_RECURSION = YES;
				CLANG_WARN_INT_CONVERSION = YES;
				CLANG_WARN_NON_LITERAL_NULL_CONVERSION = YES;
				CLANG_WARN_OBJC_IMPLICIT_RETAIN_SELF = YES;
				CLANG_WARN_OBJC_LITERAL_CONVERSION = YES;
				CLANG_WARN_OBJC_ROOT_CLASS = YES_ERROR;
				CLANG_WARN_RANGE_LOOP_ANALYSIS = YES;
				CLANG_WARN_STRICT_PROTOTYPES = YES;
				CLANG_WARN_SUSPICIOUS_MOVE = YES;
				CLANG_WARN_UNGUARDED_AVAILABILITY = YES_AGGRESSIVE;
				CLANG_WARN_UNREACHABLE_CODE = YES;
				CLANG_WARN__DUPLICATE_METHOD_MATCH = YES;
				CODE_SIGN_IDENTITY = "iPhone Developer";
				COPY_PHASE_STRIP = NO;
				DEBUG_INFORMATION_FORMAT = "dwarf-with-dsym";
				ENABLE_NS_ASSERTIONS = NO;
				ENABLE_STRICT_OBJC_MSGSEND = YES;
				GCC_C_LANGUAGE_STANDARD = gnu11;
				GCC_NO_COMMON_BLOCKS = YES;
				GCC_WARN_64_TO_32_BIT_CONVERSION = YES;
				GCC_WARN_ABOUT_RETURN_TYPE = YES_ERROR;
				GCC_WARN_UNDECLARED_SELECTOR = YES;
				GCC_WARN_UNINITIALIZED_AUTOS = YES_AGGRESSIVE;
				GCC_WARN_UNUSED_FUNCTION = YES;
				GCC_WARN_UNUSED_VARIABLE = YES;
				IPHONEOS_DEPLOYMENT_TARGET = 11.4;
				MTL_ENABLE_DEBUG_INFO = NO;
				SDKROOT = iphoneos;
				SWIFT_COMPILATION_MODE = wholemodule;
				SWIFT_OPTIMIZATION_LEVEL = "-O";
				VALIDATE_PRODUCT = YES;
			};
			name = Release;
		};
		AFB2593520E0C096000BE5B5 /* Debug */ = {
			isa = XCBuildConfiguration;
			buildSettings = {
				ASSETCATALOG_COMPILER_APPICON_NAME = AppIcon;
				CODE_SIGN_STYLE = Automatic;
				DEVELOPMENT_TEAM = PYFVT7QGF7;
				INFOPLIST_FILE = UserPanel/Info.plist;
				LD_RUNPATH_SEARCH_PATHS = (
					"$(inherited)",
					"@executable_path/Frameworks",
				);
				PRODUCT_BUNDLE_IDENTIFIER = com.appFish.UserPanel;
				PRODUCT_NAME = "$(TARGET_NAME)";
				SWIFT_VERSION = 4.0;
				TARGETED_DEVICE_FAMILY = "1,2";
			};
			name = Debug;
		};
		AFB2593620E0C096000BE5B5 /* Release */ = {
			isa = XCBuildConfiguration;
			buildSettings = {
				ASSETCATALOG_COMPILER_APPICON_NAME = AppIcon;
				CODE_SIGN_STYLE = Automatic;
				DEVELOPMENT_TEAM = PYFVT7QGF7;
				INFOPLIST_FILE = UserPanel/Info.plist;
				LD_RUNPATH_SEARCH_PATHS = (
					"$(inherited)",
					"@executable_path/Frameworks",
				);
				PRODUCT_BUNDLE_IDENTIFIER = com.appFish.UserPanel;
				PRODUCT_NAME = "$(TARGET_NAME)";
				SWIFT_VERSION = 4.0;
				TARGETED_DEVICE_FAMILY = "1,2";
			};
			name = Release;
		};
/* End XCBuildConfiguration section */

/* Begin XCConfigurationList section */
		AFB2591D20E0C093000BE5B5 /* Build configuration list for PBXProject "UserPanel" */ = {
			isa = XCConfigurationList;
			buildConfigurations = (
				AFB2593220E0C096000BE5B5 /* Debug */,
				AFB2593320E0C096000BE5B5 /* Release */,
			);
			defaultConfigurationIsVisible = 0;
			defaultConfigurationName = Release;
		};
		AFB2593420E0C096000BE5B5 /* Build configuration list for PBXNativeTarget "UserPanel" */ = {
			isa = XCConfigurationList;
			buildConfigurations = (
				AFB2593520E0C096000BE5B5 /* Debug */,
				AFB2593620E0C096000BE5B5 /* Release */,
			);
			defaultConfigurationIsVisible = 0;
			defaultConfigurationName = Release;
		};
/* End XCConfigurationList section */
	};
	rootObject = AFB2591A20E0C093000BE5B5 /* Project object */;
}
